{
  "name": "relock-npm-lock-v2-08uxZT",
  "lockfileVersion": 3,
  "requires": true,
  "packages": {
    "": {
      "dependencies": {
        "@picocss/pico": "^2.1.0"
      }
    },
    "node_modules/@picocss/pico": {
      "version": "2.1.0",
      "resolved": "https://registry.npmjs.org/@picocss/pico/-/pico-2.1.0.tgz",
      "integrity": "sha512-GKaWNZeaNYkkBDk/RbWc3XuQzGQHdlVt9ascF+GfUxN5M0XBaX+8m5+1PznGkMYCwpnId2AT+QRJbis2mGfEGA==",
      "license": "MIT"
    }
  }
}
